
Microsoft Visual Studio Solution File, Format Version 12.00
# Visual Studio Version 17
VisualStudioVersion = 17.9.34607.119
MinimumVisualStudioVersion = 10.0.40219.1
Project("{FAE04EC0-301F-11D3-BF4B-00C04F79EFBC}") = "RepaExamenPelis2", "RepaExamenPelis2\RepaExamenPelis2.csproj", "{BEB41412-5A6F-40B0-A6A1-F35A2215B107}"
EndProject
Global
	GlobalSection(SolutionConfigurationPlatforms) = preSolution
		Debug|Any CPU = Debug|Any CPU
		Release|Any CPU = Release|Any CPU
	EndGlobalSection
	GlobalSection(ProjectConfigurationPlatforms) = postSolution
		{BEB41412-5A6F-40B0-A6A1-F35A2215B107}.Debug|Any CPU.ActiveCfg = Debug|Any CPU
		{BEB41412-5A6F-40B0-A6A1-F35A2215B107}.Debug|Any CPU.Build.0 = Debug|Any CPU
		{BEB41412-5A6F-40B0-A6A1-F35A2215B107}.Release|Any CPU.ActiveCfg = Release|Any CPU
		{BEB41412-5A6F-40B0-A6A1-F35A2215B107}.Release|Any CPU.Build.0 = Release|Any CPU
	EndGlobalSection
	GlobalSection(SolutionProperties) = preSolution
		HideSolutionNode = FALSE
	EndGlobalSection
	GlobalSection(ExtensibilityGlobals) = postSolution
		SolutionGuid = {8C7712B4-19B8-4409-8413-A13341EFC897}
	EndGlobalSection
EndGlobal
